// !$*UTF8*$!
{
	archiveVersion = 1;
	classes = {
	};
	objectVersion = 56;
	objects = {

/* Begin PBXBuildFile section */
		817A08114A9A80746D299DA7 /* Pods_AppMovies.framework in Frameworks */ = {isa = PBXBuildFile; fileRef = 5E0CB4C252A05095ADEBC271 /* Pods_AppMovies.framework */; };
		D36D9E902AE60062000FDE03 /* AppDelegate.swift in Sources */ = {isa = PBXBuildFile; fileRef = D36D9E8F2AE60062000FDE03 /* AppDelegate.swift */; };
		D36D9E922AE60062000FDE03 /* SceneDelegate.swift in Sources */ = {isa = PBXBuildFile; fileRef = D36D9E912AE60062000FDE03 /* SceneDelegate.swift */; };
		D36D9E942AE60062000FDE03 /* ListViewController.swift in Sources */ = {isa = PBXBuildFile; fileRef = D36D9E932AE60062000FDE03 /* ListViewController.swift */; };
		D36D9E972AE60062000FDE03 /* Main.storyboard in Resources */ = {isa = PBXBuildFile; fileRef = D36D9E952AE60062000FDE03 /* Main.storyboard */; };
		D36D9E992AE60064000FDE03 /* Assets.xcassets in Resources */ = {isa = PBXBuildFile; fileRef = D36D9E982AE60064000FDE03 /* Assets.xcassets */; };
		D36D9E9C2AE60064000FDE03 /* LaunchScreen.storyboard in Resources */ = {isa = PBXBuildFile; fileRef = D36D9E9A2AE60064000FDE03 /* LaunchScreen.storyboard */; };
		D36D9EA62AE6027F000FDE03 /* ListTableViewCell.swift in Sources */ = {isa = PBXBuildFile; fileRef = D36D9EA52AE6027F000FDE03 /* ListTableViewCell.swift */; };
		D36D9EAA2AE604F5000FDE03 /* BaseUrl.swift in Sources */ = {isa = PBXBuildFile; fileRef = D36D9EA92AE604F5000FDE03 /* BaseUrl.swift */; };
		D36D9EAC2AE60522000FDE03 /* Credential.swift in Sources */ = {isa = PBXBuildFile; fileRef = D36D9EAB2AE60522000FDE03 /* Credential.swift */; };
		D36D9EAE2AE60548000FDE03 /* Route.swift in Sources */ = {isa = PBXBuildFile; fileRef = D36D9EAD2AE60548000FDE03 /* Route.swift */; };
		D36D9EB12AE60583000FDE03 /* UpcomingService.swift in Sources */ = {isa = PBXBuildFile; fileRef = D36D9EB02AE60583000FDE03 /* UpcomingService.swift */; };
		D36D9EB42AE606F5000FDE03 /* UpcomingResult.swift in Sources */ = {isa = PBXBuildFile; fileRef = D36D9EB32AE606F5000FDE03 /* UpcomingResult.swift */; };
		D36D9EB62AE60801000FDE03 /* Movie.swift in Sources */ = {isa = PBXBuildFile; fileRef = D36D9EB52AE60801000FDE03 /* Movie.swift */; };
/* End PBXBuildFile section */

/* Begin PBXFileReference section */
		33D0191574A3BB02D94C5EC9 /* Pods-AppMovies.release.xcconfig */ = {isa = PBXFileReference; includeInIndex = 1; lastKnownFileType = text.xcconfig; name = "Pods-AppMovies.release.xcconfig"; path = "Target Support Files/Pods-AppMovies/Pods-AppMovies.release.xcconfig"; sourceTree = "<group>"; };
		5E0CB4C252A05095ADEBC271 /* Pods_AppMovies.framework */ = {isa = PBXFileReference; explicitFileType = wrapper.framework; includeInIndex = 0; path = Pods_AppMovies.framework; sourceTree = BUILT_PRODUCTS_DIR; };
		7E84F65BC89BFE3C1F58F787 /* Pods-AppMovies.debug.xcconfig */ = {isa = PBXFileReference; includeInIndex = 1; lastKnownFileType = text.xcconfig; name = "Pods-AppMovies.debug.xcconfig"; path = "Target Support Files/Pods-AppMovies/Pods-AppMovies.debug.xcconfig"; sourceTree = "<group>"; };
		D36D9E8C2AE60062000FDE03 /* AppMovies.app */ = {isa = PBXFileReference; explicitFileType = wrapper.application; includeInIndex = 0; path = AppMovies.app; sourceTree = BUILT_PRODUCTS_DIR; };
		D36D9E8F2AE60062000FDE03 /* AppDelegate.swift */ = {isa = PBXFileReference; lastKnownFileType = sourcecode.swift; path = AppDelegate.swift; sourceTree = "<group>"; };
		D36D9E912AE60062000FDE03 /* SceneDelegate.swift */ = {isa = PBXFileReference; lastKnownFileType = sourcecode.swift; path = SceneDelegate.swift; sourceTree = "<group>"; };
		D36D9E932AE60062000FDE03 /* ListViewController.swift */ = {isa = PBXFileReference; lastKnownFileType = sourcecode.swift; path = ListViewController.swift; sourceTree = "<group>"; };
		D36D9E962AE60062000FDE03 /* Base */ = {isa = PBXFileReference; lastKnownFileType = file.storyboard; name = Base; path = Base.lproj/Main.storyboard; sourceTree = "<group>"; };
		D36D9E982AE60064000FDE03 /* Assets.xcassets */ = {isa = PBXFileReference; lastKnownFileType = folder.assetcatalog; path = Assets.xcassets; sourceTree = "<group>"; };
		D36D9E9B2AE60064000FDE03 /* Base */ = {isa = PBXFileReference; lastKnownFileType = file.storyboard; name = Base; path = Base.lproj/LaunchScreen.storyboard; sourceTree = "<group>"; };
		D36D9E9D2AE60064000FDE03 /* Info.plist */ = {isa = PBXFileReference; lastKnownFileType = text.plist.xml; path = Info.plist; sourceTree = "<group>"; };
		D36D9EA52AE6027F000FDE03 /* ListTableViewCell.swift */ = {isa = PBXFileReference; lastKnownFileType = sourcecode.swift; path = ListTableViewCell.swift; sourceTree = "<group>"; };
		D36D9EA92AE604F5000FDE03 /* BaseUrl.swift */ = {isa = PBXFileReference; lastKnownFileType = sourcecode.swift; path = BaseUrl.swift; sourceTree = "<group>"; };
		D36D9EAB2AE60522000FDE03 /* Credential.swift */ = {isa = PBXFileReference; lastKnownFileType = sourcecode.swift; path = Credential.swift; sourceTree = "<group>"; };
		D36D9EAD2AE60548000FDE03 /* Route.swift */ = {isa = PBXFileReference; lastKnownFileType = sourcecode.swift; path = Route.swift; sourceTree = "<group>"; };
		D36D9EB02AE60583000FDE03 /* UpcomingService.swift */ = {isa = PBXFileReference; lastKnownFileType = sourcecode.swift; path = UpcomingService.swift; sourceTree = "<group>"; };
		D36D9EB32AE606F5000FDE03 /* UpcomingResult.swift */ = {isa = PBXFileReference; lastKnownFileType = sourcecode.swift; path = UpcomingResult.swift; sourceTree = "<group>"; };
		D36D9EB52AE60801000FDE03 /* Movie.swift */ = {isa = PBXFileReference; lastKnownFileType = sourcecode.swift; path = Movie.swift; sourceTree = "<group>"; };
/* End PBXFileReference section */

/* Begin PBXFrameworksBuildPhase section */
		D36D9E892AE60062000FDE03 /* Frameworks */ = {
			isa = PBXFrameworksBuildPhase;
			buildActionMask = 2147483647;
			files = (
				817A08114A9A80746D299DA7 /* Pods_AppMovies.framework in Frameworks */,
			);
			runOnlyForDeploymentPostprocessing = 0;
		};
/* End PBXFrameworksBuildPhase section */

/* Begin PBXGroup section */
		391CE0BBAE697060F5ED55AE /* Pods */ = {
			isa = PBXGroup;
			children = (
				7E84F65BC89BFE3C1F58F787 /* Pods-AppMovies.debug.xcconfig */,
				33D0191574A3BB02D94C5EC9 /* Pods-AppMovies.release.xcconfig */,
			);
			path = Pods;
			sourceTree = "<group>";
		};
		80BC2390A36E33D61F216A3D /* Frameworks */ = {
			isa = PBXGroup;
			children = (
				5E0CB4C252A05095ADEBC271 /* Pods_AppMovies.framework */,
			);
			name = Frameworks;
			sourceTree = "<group>";
		};
		D36D9E832AE60062000FDE03 = {
			isa = PBXGroup;
			children = (
				D36D9E8E2AE60062000FDE03 /* AppMovies */,
				D36D9E8D2AE60062000FDE03 /* Products */,
				391CE0BBAE697060F5ED55AE /* Pods */,
				80BC2390A36E33D61F216A3D /* Frameworks */,
			);
			sourceTree = "<group>";
		};
		D36D9E8D2AE60062000FDE03 /* Products */ = {
			isa = PBXGroup;
			children = (
				D36D9E8C2AE60062000FDE03 /* AppMovies.app */,
			);
			name = Products;
			sourceTree = "<group>";
		};
		D36D9E8E2AE60062000FDE03 /* AppMovies */ = {
			isa = PBXGroup;
			children = (
				D36D9EB22AE606E8000FDE03 /* Model */,
				D36D9EAF2AE6056B000FDE03 /* Service */,
				D36D9EA82AE604D9000FDE03 /* Network */,
				D36D9EA32AE6024E000FDE03 /* Views */,
				D36D9E8F2AE60062000FDE03 /* AppDelegate.swift */,
				D36D9E912AE60062000FDE03 /* SceneDelegate.swift */,
				D36D9E952AE60062000FDE03 /* Main.storyboard */,
				D36D9E982AE60064000FDE03 /* Assets.xcassets */,
				D36D9E9A2AE60064000FDE03 /* LaunchScreen.storyboard */,
				D36D9E9D2AE60064000FDE03 /* Info.plist */,
			);
			path = AppMovies;
			sourceTree = "<group>";
		};
		D36D9EA32AE6024E000FDE03 /* Views */ = {
			isa = PBXGroup;
			children = (
				D36D9EA72AE6047D000FDE03 /* Controller */,
				D36D9EA42AE60264000FDE03 /* Cell */,
			);
			path = Views;
			sourceTree = "<group>";
		};
		D36D9EA42AE60264000FDE03 /* Cell */ = {
			isa = PBXGroup;
			children = (
				D36D9EA52AE6027F000FDE03 /* ListTableViewCell.swift */,
			);
			path = Cell;
			sourceTree = "<group>";
		};
		D36D9EA72AE6047D000FDE03 /* Controller */ = {
			isa = PBXGroup;
			children = (
				D36D9E932AE60062000FDE03 /* ListViewController.swift */,
			);
			path = Controller;
			sourceTree = "<group>";
		};
		D36D9EA82AE604D9000FDE03 /* Network */ = {
			isa = PBXGroup;
			children = (
				D36D9EA92AE604F5000FDE03 /* BaseUrl.swift */,
				D36D9EAB2AE60522000FDE03 /* Credential.swift */,
				D36D9EAD2AE60548000FDE03 /* Route.swift */,
			);
			path = Network;
			sourceTree = "<group>";
		};
		D36D9EAF2AE6056B000FDE03 /* Service */ = {
			isa = PBXGroup;
			children = (
				D36D9EB02AE60583000FDE03 /* UpcomingService.swift */,
			);
			path = Service;
			sourceTree = "<group>";
		};
		D36D9EB22AE606E8000FDE03 /* Model */ = {
			isa = PBXGroup;
			children = (
				D36D9EB32AE606F5000FDE03 /* UpcomingResult.swift */,
				D36D9EB52AE60801000FDE03 /* Movie.swift */,
			);
			path = Model;
			sourceTree = "<group>";
		};
/* End PBXGroup section */

/* Begin PBXNativeTarget section */
		D36D9E8B2AE60062000FDE03 /* AppMovies */ = {
			isa = PBXNativeTarget;
			buildConfigurationList = D36D9EA02AE60064000FDE03 /* Build configuration list for PBXNativeTarget "AppMovies" */;
			buildPhases = (
				5149EFEA016B90255C06CE4A /* [CP] Check Pods Manifest.lock */,
				D36D9E882AE60062000FDE03 /* Sources */,
				D36D9E892AE60062000FDE03 /* Frameworks */,
				D36D9E8A2AE60062000FDE03 /* Resources */,
				736E82D2924C5768CDF91FF1 /* [CP] Embed Pods Frameworks */,
			);
			buildRules = (
			);
			dependencies = (
			);
			name = AppMovies;
			productName = AppMovies;
			productReference = D36D9E8C2AE60062000FDE03 /* AppMovies.app */;
			productType = "com.apple.product-type.application";
		};
/* End PBXNativeTarget section */

/* Begin PBXProject section */
		D36D9E842AE60062000FDE03 /* Project object */ = {
			isa = PBXProject;
			attributes = {
				BuildIndependentTargetsInParallel = 1;
				LastSwiftUpdateCheck = 1500;
				LastUpgradeCheck = 1500;
				TargetAttributes = {
					D36D9E8B2AE60062000FDE03 = {
						CreatedOnToolsVersion = 15.0;
					};
				};
			};
			buildConfigurationList = D36D9E872AE60062000FDE03 /* Build configuration list for PBXProject "AppMovies" */;
			compatibilityVersion = "Xcode 14.0";
			developmentRegion = en;
			hasScannedForEncodings = 0;
			knownRegions = (
				en,
				Base,
			);
			mainGroup = D36D9E832AE60062000FDE03;
			productRefGroup = D36D9E8D2AE60062000FDE03 /* Products */;
			projectDirPath = "";
			projectRoot = "";
			targets = (
				D36D9E8B2AE60062000FDE03 /* AppMovies */,
			);
		};
/* End PBXProject section */

/* Begin PBXResourcesBuildPhase section */
		D36D9E8A2AE60062000FDE03 /* Resources */ = {
			isa = PBXResourcesBuildPhase;
			buildActionMask = 2147483647;
			files = (
				D36D9E9C2AE60064000FDE03 /* LaunchScreen.storyboard in Resources */,
				D36D9E992AE60064000FDE03 /* Assets.xcassets in Resources */,
				D36D9E972AE60062000FDE03 /* Main.storyboard in Resources */,
			);
			runOnlyForDeploymentPostprocessing = 0;
		};
/* End PBXResourcesBuildPhase section */

/* Begin PBXShellScriptBuildPhase section */
		5149EFEA016B90255C06CE4A /* [CP] Check Pods Manifest.lock */ = {
			isa = PBXShellScriptBuildPhase;
			buildActionMask = 2147483647;
			files = (
			);
			inputFileListPaths = (
			);
			inputPaths = (
				"${PODS_PODFILE_DIR_PATH}/Podfile.lock",
				"${PODS_ROOT}/Manifest.lock",
			);
			name = "[CP] Check Pods Manifest.lock";
			outputFileListPaths = (
			);
			outputPaths = (
				"$(DERIVED_FILE_DIR)/Pods-AppMovies-checkManifestLockResult.txt",
			);
			runOnlyForDeploymentPostprocessing = 0;
			shellPath = /bin/sh;
			shellScript = "diff \"${PODS_PODFILE_DIR_PATH}/Podfile.lock\" \"${PODS_ROOT}/Manifest.lock\" > /dev/null\nif [ $? != 0 ] ; then\n    # print error to STDERR\n    echo \"error: The sandbox is not in sync with the Podfile.lock. Run 'pod install' or update your CocoaPods installation.\" >&2\n    exit 1\nfi\n# This output is used by Xcode 'outputs' to avoid re-running this script phase.\necho \"SUCCESS\" > \"${SCRIPT_OUTPUT_FILE_0}\"\n";
			showEnvVarsInLog = 0;
		};
		736E82D2924C5768CDF91FF1 /* [CP] Embed Pods Frameworks */ = {
			isa = PBXShellScriptBuildPhase;
			buildActionMask = 2147483647;
			files = (
			);
			inputFileListPaths = (
				"${PODS_ROOT}/Target Support Files/Pods-AppMovies/Pods-AppMovies-frameworks-${CONFIGURATION}-input-files.xcfilelist",
			);
			name = "[CP] Embed Pods Frameworks";
			outputFileListPaths = (
				"${PODS_ROOT}/Target Support Files/Pods-AppMovies/Pods-AppMovies-frameworks-${CONFIGURATION}-output-files.xcfilelist",
			);
			runOnlyForDeploymentPostprocessing = 0;
			shellPath = /bin/sh;
			shellScript = "\"${PODS_ROOT}/Target Support Files/Pods-AppMovies/Pods-AppMovies-frameworks.sh\"\n";
			showEnvVarsInLog = 0;
		};
/* End PBXShellScriptBuildPhase section */

/* Begin PBXSourcesBuildPhase section */
		D36D9E882AE60062000FDE03 /* Sources */ = {
			isa = PBXSourcesBuildPhase;
			buildActionMask = 2147483647;
			files = (
				D36D9E942AE60062000FDE03 /* ListViewController.swift in Sources */,
				D36D9EAA2AE604F5000FDE03 /* BaseUrl.swift in Sources */,
				D36D9EA62AE6027F000FDE03 /* ListTableViewCell.swift in Sources */,
				D36D9EB12AE60583000FDE03 /* UpcomingService.swift in Sources */,
				D36D9EB62AE60801000FDE03 /* Movie.swift in Sources */,
				D36D9E902AE60062000FDE03 /* AppDelegate.swift in Sources */,
				D36D9EB42AE606F5000FDE03 /* UpcomingResult.swift in Sources */,
				D36D9EAC2AE60522000FDE03 /* Credential.swift in Sources */,
				D36D9EAE2AE60548000FDE03 /* Route.swift in Sources */,
				D36D9E922AE60062000FDE03 /* SceneDelegate.swift in Sources */,
			);
			runOnlyForDeploymentPostprocessing = 0;
		};
/* End PBXSourcesBuildPhase section */

/* Begin PBXVariantGroup section */
		D36D9E952AE60062000FDE03 /* Main.storyboard */ = {
			isa = PBXVariantGroup;
			children = (
				D36D9E962AE60062000FDE03 /* Base */,
			);
			name = Main.storyboard;
			sourceTree = "<group>";
		};
		D36D9E9A2AE60064000FDE03 /* LaunchScreen.storyboard */ = {
			isa = PBXVariantGroup;
			children = (
				D36D9E9B2AE60064000FDE03 /* Base */,
			);
			name = LaunchScreen.storyboard;
			sourceTree = "<group>";
		};
/* End PBXVariantGroup section */

/* Begin XCBuildConfiguration section */
		D36D9E9E2AE60064000FDE03 /* Debug */ = {
			isa = XCBuildConfiguration;
			buildSettings = {
				ALWAYS_SEARCH_USER_PATHS = NO;
				ASSETCATALOG_COMPILER_GENERATE_SWIFT_ASSET_SYMBOL_EXTENSIONS = YES;
				CLANG_ANALYZER_NONNULL = YES;
				CLANG_ANALYZER_NUMBER_OBJECT_CONVERSION = YES_AGGRESSIVE;
				CLANG_CXX_LANGUAGE_STANDARD = "gnu++20";
				CLANG_ENABLE_MODULES = YES;
				CLANG_ENABLE_OBJC_ARC = YES;
				CLANG_ENABLE_OBJC_WEAK = YES;
				CLANG_WARN_BLOCK_CAPTURE_AUTORELEASING = YES;
				CLANG_WARN_BOOL_CONVERSION = YES;
				CLANG_WARN_COMMA = YES;
				CLANG_WARN_CONSTANT_CONVERSION = YES;
				CLANG_WARN_DEPRECATED_OBJC_IMPLEMENTATIONS = YES;
				CLANG_WARN_DIRECT_OBJC_ISA_USAGE = YES_ERROR;
				CLANG_WARN_DOCUMENTATION_COMMENTS = YES;
				CLANG_WARN_EMPTY_BODY = YES;
				CLANG_WARN_ENUM_CONVERSION = YES;
				CLANG_WARN_INFINITE_RECURSION = YES;
				CLANG_WARN_INT_CONVERSION = YES;
				CLANG_WARN_NON_LITERAL_NULL_CONVERSION = YES;
				CLANG_WARN_OBJC_IMPLICIT_RETAIN_SELF = YES;
				CLANG_WARN_OBJC_LITERAL_CONVERSION = YES;
				CLANG_WARN_OBJC_ROOT_CLASS = YES_ERROR;
				CLANG_WARN_QUOTED_INCLUDE_IN_FRAMEWORK_HEADER = YES;
				CLANG_WARN_RANGE_LOOP_ANALYSIS = YES;
				CLANG_WARN_STRICT_PROTOTYPES = YES;
				CLANG_WARN_SUSPICIOUS_MOVE = YES;
				CLANG_WARN_UNGUARDED_AVAILABILITY = YES_AGGRESSIVE;
				CLANG_WARN_UNREACHABLE_CODE = YES;
				CLANG_WARN__DUPLICATE_METHOD_MATCH = YES;
				COPY_PHASE_STRIP = NO;
				DEBUG_INFORMATION_FORMAT = dwarf;
				ENABLE_STRICT_OBJC_MSGSEND = YES;
				ENABLE_TESTABILITY = YES;
				ENABLE_USER_SCRIPT_SANDBOXING = NO;
				GCC_C_LANGUAGE_STANDARD = gnu17;
				GCC_DYNAMIC_NO_PIC = NO;
				GCC_NO_COMMON_BLOCKS = YES;
				GCC_OPTIMIZATION_LEVEL = 0;
				GCC_PREPROCESSOR_DEFINITIONS = (
					"DEBUG=1",
					"$(inherited)",
				);
				GCC_WARN_64_TO_32_BIT_CONVERSION = YES;
				GCC_WARN_ABOUT_RETURN_TYPE = YES_ERROR;
				GCC_WARN_UNDECLARED_SELECTOR = YES;
				GCC_WARN_UNINITIALIZED_AUTOS = YES_AGGRESSIVE;
				GCC_WARN_UNUSED_FUNCTION = YES;
				GCC_WARN_UNUSED_VARIABLE = YES;
				IPHONEOS_DEPLOYMENT_TARGET = 17.0;
				LOCALIZATION_PREFERS_STRING_CATALOGS = YES;
				MTL_ENABLE_DEBUG_INFO = INCLUDE_SOURCE;
				MTL_FAST_MATH = YES;
				ONLY_ACTIVE_ARCH = YES;
				SDKROOT = iphoneos;
				SWIFT_ACTIVE_COMPILATION_CONDITIONS = "DEBUG $(inherited)";
				SWIFT_OPTIMIZATION_LEVEL = "-Onone";
			};
			name = Debug;
		};
		D36D9E9F2AE60064000FDE03 /* Release */ = {
			isa = XCBuildConfiguration;
			buildSettings = {
				ALWAYS_SEARCH_USER_PATHS = NO;
				ASSETCATALOG_COMPILER_GENERATE_SWIFT_ASSET_SYMBOL_EXTENSIONS = YES;
				CLANG_ANALYZER_NONNULL = YES;
				CLANG_ANALYZER_NUMBER_OBJECT_CONVERSION = YES_AGGRESSIVE;
				CLANG_CXX_LANGUAGE_STANDARD = "gnu++20";
				CLANG_ENABLE_MODULES = YES;
				CLANG_ENABLE_OBJC_ARC = YES;
				CLANG_ENABLE_OBJC_WEAK = YES;
				CLANG_WARN_BLOCK_CAPTURE_AUTORELEASING = YES;
				CLANG_WARN_BOOL_CONVERSION = YES;
				CLANG_WARN_COMMA = YES;
				CLANG_WARN_CONSTANT_CONVERSION = YES;
				CLANG_WARN_DEPRECATED_OBJC_IMPLEMENTATIONS = YES;
				CLANG_WARN_DIRECT_OBJC_ISA_USAGE = YES_ERROR;
				CLANG_WARN_DOCUMENTATION_COMMENTS = YES;
				CLANG_WARN_EMPTY_BODY = YES;
				CLANG_WARN_ENUM_CONVERSION = YES;
				CLANG_WARN_INFINITE_RECURSION = YES;
				CLANG_WARN_INT_CONVERSION = YES;
				CLANG_WARN_NON_LITERAL_NULL_CONVERSION = YES;
				CLANG_WARN_OBJC_IMPLICIT_RETAIN_SELF = YES;
				CLANG_WARN_OBJC_LITERAL_CONVERSION = YES;
				CLANG_WARN_OBJC_ROOT_CLASS = YES_ERROR;
				CLANG_WARN_QUOTED_INCLUDE_IN_FRAMEWORK_HEADER = YES;
				CLANG_WARN_RANGE_LOOP_ANALYSIS = YES;
				CLANG_WARN_STRICT_PROTOTYPES = YES;
				CLANG_WARN_SUSPICIOUS_MOVE = YES;
				CLANG_WARN_UNGUARDED_AVAILABILITY = YES_AGGRESSIVE;
				CLANG_WARN_UNREACHABLE_CODE = YES;
				CLANG_WARN__DUPLICATE_METHOD_MATCH = YES;
				COPY_PHASE_STRIP = NO;
				DEBUG_INFORMATION_FORMAT = "dwarf-with-dsym";
				ENABLE_NS_ASSERTIONS = NO;
				ENABLE_STRICT_OBJC_MSGSEND = YES;
				ENABLE_USER_SCRIPT_SANDBOXING = NO;
				GCC_C_LANGUAGE_STANDARD = gnu17;
				GCC_NO_COMMON_BLOCKS = YES;
				GCC_WARN_64_TO_32_BIT_CONVERSION = YES;
				GCC_WARN_ABOUT_RETURN_TYPE = YES_ERROR;
				GCC_WARN_UNDECLARED_SELECTOR = YES;
				GCC_WARN_UNINITIALIZED_AUTOS = YES_AGGRESSIVE;
				GCC_WARN_UNUSED_FUNCTION = YES;
				GCC_WARN_UNUSED_VARIABLE = YES;
				IPHONEOS_DEPLOYMENT_TARGET = 17.0;
				LOCALIZATION_PREFERS_STRING_CATALOGS = YES;
				MTL_ENABLE_DEBUG_INFO = NO;
				MTL_FAST_MATH = YES;
				SDKROOT = iphoneos;
				SWIFT_COMPILATION_MODE = wholemodule;
				VALIDATE_PRODUCT = YES;
			};
			name = Release;
		};
		D36D9EA12AE60064000FDE03 /* Debug */ = {
			isa = XCBuildConfiguration;
			baseConfigurationReference = 7E84F65BC89BFE3C1F58F787 /* Pods-AppMovies.debug.xcconfig */;
			buildSettings = {
				ASSETCATALOG_COMPILER_APPICON_NAME = AppIcon;
				ASSETCATALOG_COMPILER_GLOBAL_ACCENT_COLOR_NAME = AccentColor;
				CODE_SIGN_STYLE = Automatic;
				CURRENT_PROJECT_VERSION = 1;
				GENERATE_INFOPLIST_FILE = YES;
				INFOPLIST_FILE = AppMovies/Info.plist;
				INFOPLIST_KEY_UIApplicationSupportsIndirectInputEvents = YES;
				INFOPLIST_KEY_UILaunchStoryboardName = LaunchScreen;
				INFOPLIST_KEY_UIMainStoryboardFile = Main;
				INFOPLIST_KEY_UISupportedInterfaceOrientations_iPad = "UIInterfaceOrientationPortrait UIInterfaceOrientationPortraitUpsideDown UIInterfaceOrientationLandscapeLeft UIInterfaceOrientationLandscapeRight";
				INFOPLIST_KEY_UISupportedInterfaceOrientations_iPhone = "UIInterfaceOrientationPortrait UIInterfaceOrientationLandscapeLeft UIInterfaceOrientationLandscapeRight";
				LD_RUNPATH_SEARCH_PATHS = (
					"$(inherited)",
					"@executable_path/Frameworks",
				);
				MARKETING_VERSION = 1.0;
				PRODUCT_BUNDLE_IDENTIFIER = EdvaneSaraiva.AppMovies;
				PRODUCT_NAME = "$(TARGET_NAME)";
				SWIFT_EMIT_LOC_STRINGS = YES;
				SWIFT_VERSION = 5.0;
				TARGETED_DEVICE_FAMILY = "1,2";
			};
			name = Debug;
		};
		D36D9EA22AE60064000FDE03 /* Release */ = {
			isa = XCBuildConfiguration;
			baseConfigurationReference = 33D0191574A3BB02D94C5EC9 /* Pods-AppMovies.release.xcconfig */;
			buildSettings = {
				ASSETCATALOG_COMPILER_APPICON_NAME = AppIcon;
				ASSETCATALOG_COMPILER_GLOBAL_ACCENT_COLOR_NAME = AccentColor;
				CODE_SIGN_STYLE = Automatic;
				CURRENT_PROJECT_VERSION = 1;
				GENERATE_INFOPLIST_FILE = YES;
				INFOPLIST_FILE = AppMovies/Info.plist;
				INFOPLIST_KEY_UIApplicationSupportsIndirectInputEvents = YES;
				INFOPLIST_KEY_UILaunchStoryboardName = LaunchScreen;
				INFOPLIST_KEY_UIMainStoryboardFile = Main;
				INFOPLIST_KEY_UISupportedInterfaceOrientations_iPad = "UIInterfaceOrientationPortrait UIInterfaceOrientationPortraitUpsideDown UIInterfaceOrientationLandscapeLeft UIInterfaceOrientationLandscapeRight";
				INFOPLIST_KEY_UISupportedInterfaceOrientations_iPhone = "UIInterfaceOrientationPortrait UIInterfaceOrientationLandscapeLeft UIInterfaceOrientationLandscapeRight";
				LD_RUNPATH_SEARCH_PATHS = (
					"$(inherited)",
					"@executable_path/Frameworks",
				);
				MARKETING_VERSION = 1.0;
				PRODUCT_BUNDLE_IDENTIFIER = EdvaneSaraiva.AppMovies;
				PRODUCT_NAME = "$(TARGET_NAME)";
				SWIFT_EMIT_LOC_STRINGS = YES;
				SWIFT_VERSION = 5.0;
				TARGETED_DEVICE_FAMILY = "1,2";
			};
			name = Release;
		};
/* End XCBuildConfiguration section */

/* Begin XCConfigurationList section */
		D36D9E872AE60062000FDE03 /* Build configuration list for PBXProject "AppMovies" */ = {
			isa = XCConfigurationList;
			buildConfigurations = (
				D36D9E9E2AE60064000FDE03 /* Debug */,
				D36D9E9F2AE60064000FDE03 /* Release */,
			);
			defaultConfigurationIsVisible = 0;
			defaultConfigurationName = Release;
		};
		D36D9EA02AE60064000FDE03 /* Build configuration list for PBXNativeTarget "AppMovies" */ = {
			isa = XCConfigurationList;
			buildConfigurations = (
				D36D9EA12AE60064000FDE03 /* Debug */,
				D36D9EA22AE60064000FDE03 /* Release */,
			);
			defaultConfigurationIsVisible = 0;
			defaultConfigurationName = Release;
		};
/* End XCConfigurationList section */
	};
	rootObject = D36D9E842AE60062000FDE03 /* Project object */;
}
